
Microsoft Visual Studio Solution File, Format Version 12.00
# Visual Studio Version 16
VisualStudioVersion = 16.0.31515.178
MinimumVisualStudioVersion = 10.0.40219.1
Project("{FAE04EC0-301F-11D3-BF4B-00C04F79EFBC}") = "EmpoyeePayrollREST", "EmpoyeePayrollREST\EmpoyeePayrollREST.csproj", "{A22181FA-2693-4FE1-B5DE-0E82E6BCBB3A}"
EndProject
Project("{FAE04EC0-301F-11D3-BF4B-00C04F79EFBC}") = "EmployeePayrollRESTTestProject", "EmployeePayrollRESTTestProject\EmployeePayrollRESTTestProject.csproj", "{52D65C1C-CBA4-4AA8-998B-30DEB9368547}"
EndProject
Global
	GlobalSection(SolutionConfigurationPlatforms) = preSolution
		Debug|Any CPU = Debug|Any CPU
		Release|Any CPU = Release|Any CPU
	EndGlobalSection
	GlobalSection(ProjectConfigurationPlatforms) = postSolution
		{A22181FA-2693-4FE1-B5DE-0E82E6BCBB3A}.Debug|Any CPU.ActiveCfg = Debug|Any CPU
		{A22181FA-2693-4FE1-B5DE-0E82E6BCBB3A}.Debug|Any CPU.Build.0 = Debug|Any CPU
		{A22181FA-2693-4FE1-B5DE-0E82E6BCBB3A}.Release|Any CPU.ActiveCfg = Release|Any CPU
		{A22181FA-2693-4FE1-B5DE-0E82E6BCBB3A}.Release|Any CPU.Build.0 = Release|Any CPU
		{52D65C1C-CBA4-4AA8-998B-30DEB9368547}.Debug|Any CPU.ActiveCfg = Debug|Any CPU
		{52D65C1C-CBA4-4AA8-998B-30DEB9368547}.Debug|Any CPU.Build.0 = Debug|Any CPU
		{52D65C1C-CBA4-4AA8-998B-30DEB9368547}.Release|Any CPU.ActiveCfg = Release|Any CPU
		{52D65C1C-CBA4-4AA8-998B-30DEB9368547}.Release|Any CPU.Build.0 = Release|Any CPU
	EndGlobalSection
	GlobalSection(SolutionProperties) = preSolution
		HideSolutionNode = FALSE
	EndGlobalSection
	GlobalSection(ExtensibilityGlobals) = postSolution
		SolutionGuid = {8B29917D-7F83-42E7-A4B5-59CE318FC276}
	EndGlobalSection
EndGlobal
